
Microsoft Visual Studio Solution File, Format Version 12.00
# Visual Studio 15
VisualStudioVersion = 15.0.27130.2020
MinimumVisualStudioVersion = 10.0.40219.1
Project("{FAE04EC0-301F-11D3-BF4B-00C04F79EFBC}") = "ForcaWPF", "ForcaWPF\ForcaWPF.csproj", "{423BAE60-86D7-443A-918D-8D6774710A1E}"
EndProject
Global
	GlobalSection(SolutionConfigurationPlatforms) = preSolution
		Debug|Any CPU = Debug|Any CPU
		Release|Any CPU = Release|Any CPU
	EndGlobalSection
	GlobalSection(ProjectConfigurationPlatforms) = postSolution
		{423BAE60-86D7-443A-918D-8D6774710A1E}.Debug|Any CPU.ActiveCfg = Debug|Any CPU
		{423BAE60-86D7-443A-918D-8D6774710A1E}.Debug|Any CPU.Build.0 = Debug|Any CPU
		{423BAE60-86D7-443A-918D-8D6774710A1E}.Release|Any CPU.ActiveCfg = Release|Any CPU
		{423BAE60-86D7-443A-918D-8D6774710A1E}.Release|Any CPU.Build.0 = Release|Any CPU
	EndGlobalSection
	GlobalSection(SolutionProperties) = preSolution
		HideSolutionNode = FALSE
	EndGlobalSection
	GlobalSection(ExtensibilityGlobals) = postSolution
		SolutionGuid = {2A302166-C054-4ED9-8BF0-9F772B35F656}
	EndGlobalSection
EndGlobal
